
Microsoft Visual Studio Solution File, Format Version 12.00
# Visual Studio 15
VisualStudioVersion = 15.0.28307.1062
MinimumVisualStudioVersion = 10.0.40219.1
Project("{FAE04EC0-301F-11D3-BF4B-00C04F79EFBC}") = "aws_demo", "aws_demo\aws_demo.csproj", "{A100BE22-3C27-4E10-B58C-2E369C56D059}"
EndProject
Global
	GlobalSection(SolutionConfigurationPlatforms) = preSolution
		Debug|Any CPU = Debug|Any CPU
		Release|Any CPU = Release|Any CPU
	EndGlobalSection
	GlobalSection(ProjectConfigurationPlatforms) = postSolution
		{A100BE22-3C27-4E10-B58C-2E369C56D059}.Debug|Any CPU.ActiveCfg = Debug|Any CPU
		{A100BE22-3C27-4E10-B58C-2E369C56D059}.Debug|Any CPU.Build.0 = Debug|Any CPU
		{A100BE22-3C27-4E10-B58C-2E369C56D059}.Release|Any CPU.ActiveCfg = Release|Any CPU
		{A100BE22-3C27-4E10-B58C-2E369C56D059}.Release|Any CPU.Build.0 = Release|Any CPU
	EndGlobalSection
	GlobalSection(SolutionProperties) = preSolution
		HideSolutionNode = FALSE
	EndGlobalSection
	GlobalSection(ExtensibilityGlobals) = postSolution
		SolutionGuid = {63D29EC2-AC7C-42AE-8953-A2E7C2B8E879}
	EndGlobalSection
EndGlobal
